
Microsoft Visual Studio Solution File, Format Version 12.00
# Visual Studio Version 16
VisualStudioVersion = 16.0.31025.194
MinimumVisualStudioVersion = 10.0.40219.1
Project("{9A19103F-16F7-4668-BE54-9A1E7A4F7556}") = "UlearnGame", "UlearnGame\UlearnGame.csproj", "{D05AFE17-25DA-493A-88F5-D4DC896A72F8}"
EndProject
Project("{9A19103F-16F7-4668-BE54-9A1E7A4F7556}") = "UlearnGameTests", "UlearnGameTests\UlearnGameTests.csproj", "{45D88CC9-EF18-406D-B230-9C2A5242BBE0}"
EndProject
Global
	GlobalSection(SolutionConfigurationPlatforms) = preSolution
		Debug|Any CPU = Debug|Any CPU
		Debug|x64 = Debug|x64
		Release|Any CPU = Release|Any CPU
		Release|x64 = Release|x64
	EndGlobalSection
	GlobalSection(ProjectConfigurationPlatforms) = postSolution
		{D05AFE17-25DA-493A-88F5-D4DC896A72F8}.Debug|Any CPU.ActiveCfg = Debug|Any CPU
		{D05AFE17-25DA-493A-88F5-D4DC896A72F8}.Debug|Any CPU.Build.0 = Debug|Any CPU
		{D05AFE17-25DA-493A-88F5-D4DC896A72F8}.Debug|x64.ActiveCfg = Debug|x64
		{D05AFE17-25DA-493A-88F5-D4DC896A72F8}.Debug|x64.Build.0 = Debug|x64
		{D05AFE17-25DA-493A-88F5-D4DC896A72F8}.Release|Any CPU.ActiveCfg = Release|Any CPU
		{D05AFE17-25DA-493A-88F5-D4DC896A72F8}.Release|Any CPU.Build.0 = Release|Any CPU
		{D05AFE17-25DA-493A-88F5-D4DC896A72F8}.Release|x64.ActiveCfg = Release|x64
		{D05AFE17-25DA-493A-88F5-D4DC896A72F8}.Release|x64.Build.0 = Release|x64
		{45D88CC9-EF18-406D-B230-9C2A5242BBE0}.Debug|Any CPU.ActiveCfg = Debug|Any CPU
		{45D88CC9-EF18-406D-B230-9C2A5242BBE0}.Debug|Any CPU.Build.0 = Debug|Any CPU
		{45D88CC9-EF18-406D-B230-9C2A5242BBE0}.Debug|x64.ActiveCfg = Debug|x64
		{45D88CC9-EF18-406D-B230-9C2A5242BBE0}.Debug|x64.Build.0 = Debug|x64
		{45D88CC9-EF18-406D-B230-9C2A5242BBE0}.Release|Any CPU.ActiveCfg = Release|Any CPU
		{45D88CC9-EF18-406D-B230-9C2A5242BBE0}.Release|Any CPU.Build.0 = Release|Any CPU
		{45D88CC9-EF18-406D-B230-9C2A5242BBE0}.Release|x64.ActiveCfg = Release|x64
		{45D88CC9-EF18-406D-B230-9C2A5242BBE0}.Release|x64.Build.0 = Release|x64
	EndGlobalSection
	GlobalSection(SolutionProperties) = preSolution
		HideSolutionNode = FALSE
	EndGlobalSection
	GlobalSection(ExtensibilityGlobals) = postSolution
		SolutionGuid = {91E2F3D2-F235-4473-9189-B1CFCF8725F8}
	EndGlobalSection
EndGlobal
